# This file is automatically @generated by Cargo.
# It is not intended for manual editing.
version = 3

[[package]]
name = "bare-metal"
version = "0.2.5"
source = "registry+https://github.com/rust-lang/crates.io-index"
checksum = "5deb64efa5bd81e31fcd1938615a6d98c82eafcbcd787162b6f63b91d6bac5b3"
dependencies = [
 "rustc_version",
]

[[package]]
name = "embedded-graphics"
version = "0.4.9"
source = "registry+https://github.com/rust-lang/crates.io-index"
checksum = "b2e7ee289ac88cbeea6f749cd72c6eb4cdeb801f4ea26795aace97b9776a2db2"
dependencies = [
 "tinybmp",
 "tinytga",
]

[[package]]
name = "embedded-hal"
version = "0.2.6"
source = "registry+https://github.com/rust-lang/crates.io-index"
checksum = "e36cfb62ff156596c892272f3015ef952fe1525e85261fa3a7f327bd6b384ab9"
dependencies = [
 "nb 0.1.3",
 "void",
]

[[package]]
name = "enumflags2"
version = "0.6.4"
source = "registry+https://github.com/rust-lang/crates.io-index"
checksum = "83c8d82922337cd23a15f88b70d8e4ef5f11da38dd7cdb55e84dd5de99695da0"
dependencies = [
 "enumflags2_derive",
]

[[package]]
name = "enumflags2_derive"
version = "0.6.4"
source = "registry+https://github.com/rust-lang/crates.io-index"
checksum = "946ee94e3dbf58fdd324f9ce245c7b238d46a66f00e86a020b71996349e46cce"
dependencies = [
 "proc-macro2",
 "quote",
 "syn",
]

[[package]]
name = "i2c_oled_display"
version = "0.3.0"
dependencies = [
 "embedded-graphics",
 "embedded-hal",
 "mips-rt",
 "pic32-hal",
 "ssd1306",
 "tinylog",
]

[[package]]
name = "memchr"
version = "2.4.1"
source = "registry+https://github.com/rust-lang/crates.io-index"
checksum = "308cc39be01b73d0d18f82a0e7b2a3df85245f84af96fdddc5d202d27e47b86a"

[[package]]
name = "mips-mcu"
version = "0.1.0"
source = "registry+https://github.com/rust-lang/crates.io-index"
checksum = "38a48259532f7fa880d505a4a0ad9f57b77d1f4b2f88331625442b7c87a0cd64"
dependencies = [
 "bare-metal",
]

[[package]]
name = "mips-rt"
version = "0.2.1"
source = "registry+https://github.com/rust-lang/crates.io-index"
checksum = "04ef9b6faac46760cc54840023bcf28290b64aeaf7164f5fe39dcbc07b4faba7"
dependencies = [
 "bare-metal",
 "mips-rt-macros",
 "r0",
]

[[package]]
name = "mips-rt-macros"
version = "0.2.1"
source = "registry+https://github.com/rust-lang/crates.io-index"
checksum = "e2c223fbc6420c51757552c6e738a7b58385ed2de415adb51e4f5bae324e29d1"
dependencies = [
 "proc-macro2",
 "quote",
 "syn",
]

[[package]]
name = "nb"
version = "0.1.3"
source = "registry+https://github.com/rust-lang/crates.io-index"
checksum = "801d31da0513b6ec5214e9bf433a77966320625a37860f910be265be6e18d06f"
dependencies = [
 "nb 1.0.0",
]

[[package]]
name = "nb"
version = "1.0.0"
source = "registry+https://github.com/rust-lang/crates.io-index"
checksum = "546c37ac5d9e56f55e73b677106873d9d9f5190605e41a856503623648488cae"

[[package]]
name = "nom"
version = "4.2.3"
source = "registry+https://github.com/rust-lang/crates.io-index"
checksum = "2ad2a91a8e869eeb30b9cb3119ae87773a8f4ae617f41b1eb9c154b2905f7bd6"
dependencies = [
 "memchr",
 "version_check 0.1.5",
]

[[package]]
name = "nom"
version = "5.1.2"
source = "registry+https://github.com/rust-lang/crates.io-index"
checksum = "ffb4262d26ed83a1c0a33a38fe2bb15797329c85770da05e6b828ddb782627af"
dependencies = [
 "memchr",
 "version_check 0.9.3",
]

[[package]]
name = "pic32-hal"
version = "0.3.0"
source = "git+https://github.com/kiffie/pic32-rs.git#a3e5b24c61adfeabec047096b7466c6a2cb1a2d9"
dependencies = [
 "embedded-hal",
 "enumflags2",
 "mips-mcu",
 "mips-rt",
 "nb 0.1.3",
 "pic32mx2xx",
]

[[package]]
name = "pic32mx2xx"
version = "0.3.0"
source = "registry+https://github.com/rust-lang/crates.io-index"
checksum = "b9c86f6c9cdae70b425c52a269bbb4b6aa3758a7c566eaf5b2c9a9aca9c29584"
dependencies = [
 "mips-mcu",
 "vcell",
]

[[package]]
name = "proc-macro2"
version = "1.0.29"
source = "registry+https://github.com/rust-lang/crates.io-index"
checksum = "b9f5105d4fdaab20335ca9565e106a5d9b82b6219b5ba735731124ac6711d23d"
dependencies = [
 "unicode-xid",
]

[[package]]
name = "quote"
version = "1.0.9"
source = "registry+https://github.com/rust-lang/crates.io-index"
checksum = "c3d0b9745dc2debf507c8422de05d7226cc1f0644216dfdfead988f9b1ab32a7"
dependencies = [
 "proc-macro2",
]

[[package]]
name = "r0"
version = "0.2.2"
source = "registry+https://github.com/rust-lang/crates.io-index"
checksum = "e2a38df5b15c8d5c7e8654189744d8e396bddc18ad48041a500ce52d6948941f"

[[package]]
name = "rustc_version"
version = "0.2.3"
source = "registry+https://github.com/rust-lang/crates.io-index"
checksum = "138e3e0acb6c9fb258b19b67cb8abd63c00679d2851805ea151465464fe9030a"
dependencies = [
 "semver",
]

[[package]]
name = "semver"
version = "0.9.0"
source = "registry+https://github.com/rust-lang/crates.io-index"
checksum = "1d7eb9ef2c18661902cc47e535f9bc51b78acd254da71d375c2f6720d9a40403"
dependencies = [
 "semver-parser",
]

[[package]]
name = "semver-parser"
version = "0.7.0"
source = "registry+https://github.com/rust-lang/crates.io-index"
checksum = "388a1df253eca08550bef6c72392cfe7c30914bf41df5269b68cbd6ff8f570a3"

[[package]]
name = "ssd1306"
version = "0.2.6"
source = "registry+https://github.com/rust-lang/crates.io-index"
checksum = "57d818022001ebca8cec28b230700660a3f6a027123c8193c5e76e9764d087f3"
dependencies = [
 "embedded-graphics",
 "embedded-hal",
]

[[package]]
name = "syn"
version = "1.0.77"
source = "registry+https://github.com/rust-lang/crates.io-index"
checksum = "5239bc68e0fef57495900cfea4e8dc75596d9a319d7e16b1e0a440d24e6fe0a0"
dependencies = [
 "proc-macro2",
 "quote",
 "unicode-xid",
]

[[package]]
name = "tinybmp"
version = "0.1.1"
source = "registry+https://github.com/rust-lang/crates.io-index"
checksum = "30d12b7f8b271567d6d072c49dee16b22271aabfc473e2066e3353e5af0f5230"
dependencies = [
 "nom 5.1.2",
]

[[package]]
name = "tinylog"
version = "0.1.0"
source = "git+https://github.com/kiffie/pic32-rs.git#a3e5b24c61adfeabec047096b7466c6a2cb1a2d9"

[[package]]
name = "tinytga"
version = "0.1.0"
source = "registry+https://github.com/rust-lang/crates.io-index"
checksum = "dc9485052c1f4b541d888f1d564dd9957671e0c21da9bca0c9824c1123e03f07"
dependencies = [
 "nom 4.2.3",
]

[[package]]
name = "unicode-xid"
version = "0.2.2"
source = "registry+https://github.com/rust-lang/crates.io-index"
checksum = "8ccb82d61f80a663efe1f787a51b16b5a51e3314d6ac365b08639f52387b33f3"

[[package]]
name = "vcell"
version = "0.1.3"
source = "registry+https://github.com/rust-lang/crates.io-index"
checksum = "77439c1b53d2303b20d9459b1ade71a83c716e3f9c34f3228c00e6f185d6c002"

[[package]]
name = "version_check"
version = "0.1.5"
source = "registry+https://github.com/rust-lang/crates.io-index"
checksum = "914b1a6776c4c929a602fafd8bc742e06365d4bcbe48c30f9cca5824f70dc9dd"

[[package]]
name = "version_check"
version = "0.9.3"
source = "registry+https://github.com/rust-lang/crates.io-index"
checksum = "5fecdca9a5291cc2b8dcf7dc02453fee791a280f3743cb0905f8822ae463b3fe"

[[package]]
name = "void"
version = "1.0.2"
source = "registry+https://github.com/rust-lang/crates.io-index"
checksum = "6a02e4885ed3bc0f2de90ea6dd45ebcbb66dacffe03547fadbb0eeae2770887d"
