# This file is automatically @generated by Cargo.
# It is not intended for manual editing.
version = 3

[[package]]
name = "alloc-pic32"
version = "0.4.0"
source = "git+https://github.com/kiffie/alloc-pic32.git#9f74094b6ed747ac968874655cedbe9e1c78efdf"
dependencies = [
 "linked_list_allocator",
 "mips-mcu",
]

[[package]]
name = "bare-metal"
version = "0.2.5"
source = "registry+https://github.com/rust-lang/crates.io-index"
checksum = "5deb64efa5bd81e31fcd1938615a6d98c82eafcbcd787162b6f63b91d6bac5b3"
dependencies = [
 "rustc_version",
]

[[package]]
name = "embedded-hal"
version = "0.2.4"
source = "registry+https://github.com/rust-lang/crates.io-index"
checksum = "fa998ce59ec9765d15216393af37a58961ddcefb14c753b4816ba2191d865fcb"
dependencies = [
 "nb 0.1.3",
 "void",
]

[[package]]
name = "enumflags2"
version = "0.6.4"
source = "registry+https://github.com/rust-lang/crates.io-index"
checksum = "83c8d82922337cd23a15f88b70d8e4ef5f11da38dd7cdb55e84dd5de99695da0"
dependencies = [
 "enumflags2_derive",
]

[[package]]
name = "enumflags2_derive"
version = "0.6.4"
source = "registry+https://github.com/rust-lang/crates.io-index"
checksum = "946ee94e3dbf58fdd324f9ce245c7b238d46a66f00e86a020b71996349e46cce"
dependencies = [
 "proc-macro2",
 "quote",
 "syn",
]

[[package]]
name = "linked_list_allocator"
version = "0.8.11"
source = "registry+https://github.com/rust-lang/crates.io-index"
checksum = "822add9edb1860698b79522510da17bef885171f75aa395cff099d770c609c24"

[[package]]
name = "mips-mcu"
version = "0.1.0"
source = "registry+https://github.com/rust-lang/crates.io-index"
checksum = "38a48259532f7fa880d505a4a0ad9f57b77d1f4b2f88331625442b7c87a0cd64"
dependencies = [
 "bare-metal",
]

[[package]]
name = "mips_rt"
version = "0.1.0"
source = "git+https://github.com/kiffie/pic32-rs.git#9fb212165a8c42db0dd57aef32c288fe5d490959"
dependencies = [
 "bare-metal",
 "r0",
]

[[package]]
name = "nb"
version = "0.1.3"
source = "registry+https://github.com/rust-lang/crates.io-index"
checksum = "801d31da0513b6ec5214e9bf433a77966320625a37860f910be265be6e18d06f"
dependencies = [
 "nb 1.0.0",
]

[[package]]
name = "nb"
version = "1.0.0"
source = "registry+https://github.com/rust-lang/crates.io-index"
checksum = "546c37ac5d9e56f55e73b677106873d9d9f5190605e41a856503623648488cae"

[[package]]
name = "panic-halt"
version = "0.2.0"
source = "registry+https://github.com/rust-lang/crates.io-index"
checksum = "de96540e0ebde571dc55c73d60ef407c653844e6f9a1e2fdbd40c07b9252d812"

[[package]]
name = "pic32-hal"
version = "0.3.0"
source = "git+https://github.com/kiffie/pic32-rs.git#9fb212165a8c42db0dd57aef32c288fe5d490959"
dependencies = [
 "embedded-hal",
 "enumflags2",
 "mips-mcu",
 "mips_rt",
 "nb 0.1.3",
 "pic32mx274fxxxb",
 "pic32mx2xxfxxxb",
 "usb-device",
]

[[package]]
name = "pic32mx274fxxxb"
version = "0.3.0"
source = "git+https://github.com/kiffie/pic32-pac.git#874d3242581d18bb9b18268cfca2eda983743f2a"
dependencies = [
 "mips-mcu",
 "vcell",
]

[[package]]
name = "pic32mx2xxfxxxb"
version = "0.3.0"
source = "git+https://github.com/kiffie/pic32-pac.git#874d3242581d18bb9b18268cfca2eda983743f2a"
dependencies = [
 "mips-mcu",
 "vcell",
]

[[package]]
name = "proc-macro2"
version = "1.0.24"
source = "registry+https://github.com/rust-lang/crates.io-index"
checksum = "1e0704ee1a7e00d7bb417d0770ea303c1bccbabf0ef1667dae92b5967f5f8a71"
dependencies = [
 "unicode-xid",
]

[[package]]
name = "quote"
version = "1.0.9"
source = "registry+https://github.com/rust-lang/crates.io-index"
checksum = "c3d0b9745dc2debf507c8422de05d7226cc1f0644216dfdfead988f9b1ab32a7"
dependencies = [
 "proc-macro2",
]

[[package]]
name = "r0"
version = "0.2.2"
source = "registry+https://github.com/rust-lang/crates.io-index"
checksum = "e2a38df5b15c8d5c7e8654189744d8e396bddc18ad48041a500ce52d6948941f"

[[package]]
name = "rustc_version"
version = "0.2.3"
source = "registry+https://github.com/rust-lang/crates.io-index"
checksum = "138e3e0acb6c9fb258b19b67cb8abd63c00679d2851805ea151465464fe9030a"
dependencies = [
 "semver",
]

[[package]]
name = "semver"
version = "0.9.0"
source = "registry+https://github.com/rust-lang/crates.io-index"
checksum = "1d7eb9ef2c18661902cc47e535f9bc51b78acd254da71d375c2f6720d9a40403"
dependencies = [
 "semver-parser",
]

[[package]]
name = "semver-parser"
version = "0.7.0"
source = "registry+https://github.com/rust-lang/crates.io-index"
checksum = "388a1df253eca08550bef6c72392cfe7c30914bf41df5269b68cbd6ff8f570a3"

[[package]]
name = "syn"
version = "1.0.60"
source = "registry+https://github.com/rust-lang/crates.io-index"
checksum = "c700597eca8a5a762beb35753ef6b94df201c81cca676604f547495a0d7f0081"
dependencies = [
 "proc-macro2",
 "quote",
 "unicode-xid",
]

[[package]]
name = "unicode-xid"
version = "0.2.1"
source = "registry+https://github.com/rust-lang/crates.io-index"
checksum = "f7fe0bb3479651439c9112f72b6c505038574c9fbb575ed1bf3b797fa39dd564"

[[package]]
name = "usb-device"
version = "0.2.7"
source = "registry+https://github.com/rust-lang/crates.io-index"
checksum = "849eed9b4dc61a1f17ba1d7a5078ceb095b9410caa38a506eb281ed5eff12fbd"

[[package]]
name = "usb_serial"
version = "0.2.0"
dependencies = [
 "alloc-pic32",
 "embedded-hal",
 "mips_rt",
 "panic-halt",
 "pic32-hal",
 "usb-device",
 "usbd-serial",
]

[[package]]
name = "usbd-serial"
version = "0.1.1"
source = "registry+https://github.com/rust-lang/crates.io-index"
checksum = "db75519b86287f12dcf0d171c7cf4ecc839149fe9f3b720ac4cfce52959e1dfe"
dependencies = [
 "embedded-hal",
 "nb 0.1.3",
 "usb-device",
]

[[package]]
name = "vcell"
version = "0.1.3"
source = "registry+https://github.com/rust-lang/crates.io-index"
checksum = "77439c1b53d2303b20d9459b1ade71a83c716e3f9c34f3228c00e6f185d6c002"

[[package]]
name = "void"
version = "1.0.2"
source = "registry+https://github.com/rust-lang/crates.io-index"
checksum = "6a02e4885ed3bc0f2de90ea6dd45ebcbb66dacffe03547fadbb0eeae2770887d"
